
Microsoft Visual Studio Solution File, Format Version 12.00
# Visual Studio Version 16
VisualStudioVersion = 16.0.31424.327
MinimumVisualStudioVersion = 10.0.40219.1
Project("{C7167F0D-BC9F-4E6E-AFE1-012C56B48DB5}") = "ProjectCobalt (Package)", "ProjectCobalt (Package)\ProjectCobalt (Package).wapproj", "{3F4CE587-BC66-413C-91EB-6CBBC700E2BF}"
EndProject
Project("{FAE04EC0-301F-11D3-BF4B-00C04F79EFBC}") = "ProjectCobalt", "ProjectCobalt\ProjectCobalt.csproj", "{9C4E4162-F25D-4465-A22F-CD4ECC9299E1}"
EndProject
Global
	GlobalSection(SolutionConfigurationPlatforms) = preSolution
		Debug|arm64 = Debug|arm64
		Debug|x64 = Debug|x64
		Debug|x86 = Debug|x86
		Release|arm64 = Release|arm64
		Release|x64 = Release|x64
		Release|x86 = Release|x86
	EndGlobalSection
	GlobalSection(ProjectConfigurationPlatforms) = postSolution
		{3F4CE587-BC66-413C-91EB-6CBBC700E2BF}.Debug|arm64.ActiveCfg = Debug|arm64
		{3F4CE587-BC66-413C-91EB-6CBBC700E2BF}.Debug|arm64.Build.0 = Debug|arm64
		{3F4CE587-BC66-413C-91EB-6CBBC700E2BF}.Debug|arm64.Deploy.0 = Debug|arm64
		{3F4CE587-BC66-413C-91EB-6CBBC700E2BF}.Debug|x64.ActiveCfg = Debug|x64
		{3F4CE587-BC66-413C-91EB-6CBBC700E2BF}.Debug|x64.Build.0 = Debug|x64
		{3F4CE587-BC66-413C-91EB-6CBBC700E2BF}.Debug|x64.Deploy.0 = Debug|x64
		{3F4CE587-BC66-413C-91EB-6CBBC700E2BF}.Debug|x86.ActiveCfg = Debug|x86
		{3F4CE587-BC66-413C-91EB-6CBBC700E2BF}.Debug|x86.Build.0 = Debug|x86
		{3F4CE587-BC66-413C-91EB-6CBBC700E2BF}.Debug|x86.Deploy.0 = Debug|x86
		{3F4CE587-BC66-413C-91EB-6CBBC700E2BF}.Release|arm64.ActiveCfg = Release|arm64
		{3F4CE587-BC66-413C-91EB-6CBBC700E2BF}.Release|arm64.Build.0 = Release|arm64
		{3F4CE587-BC66-413C-91EB-6CBBC700E2BF}.Release|arm64.Deploy.0 = Release|arm64
		{3F4CE587-BC66-413C-91EB-6CBBC700E2BF}.Release|x64.ActiveCfg = Release|x64
		{3F4CE587-BC66-413C-91EB-6CBBC700E2BF}.Release|x64.Build.0 = Release|x64
		{3F4CE587-BC66-413C-91EB-6CBBC700E2BF}.Release|x64.Deploy.0 = Release|x64
		{3F4CE587-BC66-413C-91EB-6CBBC700E2BF}.Release|x86.ActiveCfg = Release|x86
		{3F4CE587-BC66-413C-91EB-6CBBC700E2BF}.Release|x86.Build.0 = Release|x86
		{3F4CE587-BC66-413C-91EB-6CBBC700E2BF}.Release|x86.Deploy.0 = Release|x86
		{9C4E4162-F25D-4465-A22F-CD4ECC9299E1}.Debug|arm64.ActiveCfg = Debug|arm64
		{9C4E4162-F25D-4465-A22F-CD4ECC9299E1}.Debug|arm64.Build.0 = Debug|arm64
		{9C4E4162-F25D-4465-A22F-CD4ECC9299E1}.Debug|x64.ActiveCfg = Debug|x64
		{9C4E4162-F25D-4465-A22F-CD4ECC9299E1}.Debug|x64.Build.0 = Debug|x64
		{9C4E4162-F25D-4465-A22F-CD4ECC9299E1}.Debug|x86.ActiveCfg = Debug|x86
		{9C4E4162-F25D-4465-A22F-CD4ECC9299E1}.Debug|x86.Build.0 = Debug|x86
		{9C4E4162-F25D-4465-A22F-CD4ECC9299E1}.Release|arm64.ActiveCfg = Release|arm64
		{9C4E4162-F25D-4465-A22F-CD4ECC9299E1}.Release|arm64.Build.0 = Release|arm64
		{9C4E4162-F25D-4465-A22F-CD4ECC9299E1}.Release|x64.ActiveCfg = Release|x64
		{9C4E4162-F25D-4465-A22F-CD4ECC9299E1}.Release|x64.Build.0 = Release|x64
		{9C4E4162-F25D-4465-A22F-CD4ECC9299E1}.Release|x86.ActiveCfg = Release|x86
		{9C4E4162-F25D-4465-A22F-CD4ECC9299E1}.Release|x86.Build.0 = Release|x86
	EndGlobalSection
	GlobalSection(SolutionProperties) = preSolution
		HideSolutionNode = FALSE
	EndGlobalSection
	GlobalSection(ExtensibilityGlobals) = postSolution
		SolutionGuid = {E1F59138-97B2-4169-8B5C-1F64D59D56EF}
	EndGlobalSection
EndGlobal
