
Microsoft Visual Studio Solution File, Format Version 12.00
Project("{FAE04EC0-301F-11D3-BF4B-00C04F79EFBC}") = "ProjectCobalt", "CobaltApp\ProjectCobalt.csproj", "{89A764A9-0BE5-4717-88F7-120FC1E99DD7}"
EndProject
Project("{FAE04EC0-301F-11D3-BF4B-00C04F79EFBC}") = "CobaltDatabaseTool", "CobaltDatabaseTool\CobaltDatabaseTool.csproj", "{3486C72A-03BE-4350-B2D1-1B07EF7CF883}"
EndProject
Global
	GlobalSection(SolutionConfigurationPlatforms) = preSolution
		Debug|Any CPU = Debug|Any CPU
		Release|Any CPU = Release|Any CPU
	EndGlobalSection
	GlobalSection(ProjectConfigurationPlatforms) = postSolution
		{89A764A9-0BE5-4717-88F7-120FC1E99DD7}.Debug|Any CPU.ActiveCfg = Debug|Any CPU
		{89A764A9-0BE5-4717-88F7-120FC1E99DD7}.Debug|Any CPU.Build.0 = Debug|Any CPU
		{89A764A9-0BE5-4717-88F7-120FC1E99DD7}.Release|Any CPU.ActiveCfg = Release|Any CPU
		{89A764A9-0BE5-4717-88F7-120FC1E99DD7}.Release|Any CPU.Build.0 = Release|Any CPU
		{3486C72A-03BE-4350-B2D1-1B07EF7CF883}.Debug|Any CPU.ActiveCfg = Debug|Any CPU
		{3486C72A-03BE-4350-B2D1-1B07EF7CF883}.Debug|Any CPU.Build.0 = Debug|Any CPU
		{3486C72A-03BE-4350-B2D1-1B07EF7CF883}.Release|Any CPU.ActiveCfg = Release|Any CPU
		{3486C72A-03BE-4350-B2D1-1B07EF7CF883}.Release|Any CPU.Build.0 = Release|Any CPU
	EndGlobalSection
EndGlobal
